DEPENDENCIES
  github_connector
    path: .
    metadata: true
  rvm
    git: git://github.com/rapid7-cookbooks/rvm.git
    revision: 19a74ea6e1fcb2c021ef016ce0e482a04a71c108
    branch: patches_0.9.0

GRAPH
  apt (2.7.0)
  bluepill (2.3.1)
    rsyslog (>= 0.0.0)
  build-essential (2.2.2)
  chef-sugar (3.1.0)
  chef_gem (0.1.0)
  database (4.0.3)
    postgresql (>= 1.0.0)
  github_connector (0.1.5)
    apt (>= 2.3.10)
    database (>= 2.0.0)
    logrotate (>= 1.7.0)
    nginx (>= 2.0.0)
    postgresql (~> 3.4)
    rvm (= 0.9.0)
    ssh_known_hosts (>= 0.0.0)
  java (1.31.0)
  logrotate (1.9.1)
  nginx (2.7.6)
    apt (~> 2.2)
    bluepill (~> 2.3)
    build-essential (~> 2.0)
    ohai (~> 2.0)
    runit (~> 1.2)
    yum-epel (~> 0.3)
  ohai (2.0.1)
  openssl (4.0.0)
    chef-sugar (>= 0.0.0)
  partial_search (1.0.8)
  postgresql (3.4.18)
    apt (>= 1.9.0)
    build-essential (>= 0.0.0)
    openssl (~> 4.0.0)
  rsyslog (1.15.0)
  runit (1.5.18)
    build-essential (>= 0.0.0)
    yum (~> 3.0)
    yum-epel (>= 0.0.0)
  rvm (0.9.0)
    chef_gem (>= 0.0.0)
    java (>= 0.0.0)
  ssh_known_hosts (2.0.0)
    partial_search (>= 0.0.0)
  yum (3.5.3)
  yum-epel (0.6.0)
    yum (~> 3.0)
